
Microsoft Visual Studio Solution File, Format Version 12.00
# Visual Studio Version 17
VisualStudioVersion = 17.4.33213.308
MinimumVisualStudioVersion = 10.0.40219.1
Project("{FAE04EC0-301F-11D3-BF4B-00C04F79EFBC}") = "CalculadoraCSharp", "CalculadoraCSharp\CalculadoraCSharp.csproj", "{F50A7180-D684-4641-BF8E-C1E072CD28BE}"
EndProject
Global
	GlobalSection(SolutionConfigurationPlatforms) = preSolution
		Debug|Any CPU = Debug|Any CPU
		Release|Any CPU = Release|Any CPU
	EndGlobalSection
	GlobalSection(ProjectConfigurationPlatforms) = postSolution
		{F50A7180-D684-4641-BF8E-C1E072CD28BE}.Debug|Any CPU.ActiveCfg = Debug|Any CPU
		{F50A7180-D684-4641-BF8E-C1E072CD28BE}.Debug|Any CPU.Build.0 = Debug|Any CPU
		{F50A7180-D684-4641-BF8E-C1E072CD28BE}.Release|Any CPU.ActiveCfg = Release|Any CPU
		{F50A7180-D684-4641-BF8E-C1E072CD28BE}.Release|Any CPU.Build.0 = Release|Any CPU
	EndGlobalSection
	GlobalSection(SolutionProperties) = preSolution
		HideSolutionNode = FALSE
	EndGlobalSection
	GlobalSection(ExtensibilityGlobals) = postSolution
		SolutionGuid = {7062821E-8FA0-4A8A-A6F2-AC87F6BC2EC7}
	EndGlobalSection
EndGlobal
